# THIS IS AN AUTOGENERATED FILE. DO NOT EDIT THIS FILE DIRECTLY.
# yarn lockfile v1


agent-base@6:
  version "6.0.2"
  resolved "https://registry.yarnpkg.com/agent-base/-/agent-base-6.0.2.tgz#49fff58577cfee3f37176feab4c22e00f86d7f77"
  integrity sha512-RZNwNclF7+MS/8bDg70amg32dyeZGZxiDuQmZxKLAlQjr3jGyLx+4Kkk58UO7D2QdgFIQCovuSuZESne6RG6XQ==
  dependencies:
    debug "4"

ansi-styles@^3.2.1:
  version "3.2.1"
  resolved "https://registry.yarnpkg.com/ansi-styles/-/ansi-styles-3.2.1.tgz#41fbb20243e50b12be0f04b8dedbf07520ce841d"
  integrity sha512-VT0ZI6kZRdTh8YyJw3SMbYm/u+NqfsAxEpWO0Pf9sq8/e94WxxOpPKx9FR1FlyCtOVDNOQ+8ntlqFxiRc+r5qA==
  dependencies:
    color-convert "^1.9.0"

chalk@^2.4.1:
  version "2.4.2"
  resolved "https://registry.yarnpkg.com/chalk/-/chalk-2.4.2.tgz#cd42541677a54333cf541a49108c1432b44c9424"
  integrity sha512-Mti+f9lpJNcwF4tWV8/OrTTtF1gZi+f8FqlyAdouralcFWFQWF2+NgCHShjkCb+IFBLq9buZwE1xckQU4peSuQ==
  dependencies:
    ansi-styles "^3.2.1"
    escape-string-regexp "^1.0.5"
    supports-color "^5.3.0"

color-convert@^1.9.0:
  version "1.9.3"
  resolved "https://registry.yarnpkg.com/color-convert/-/color-convert-1.9.3.tgz#bb71850690e1f136567de629d2d5471deda4c1e8"
  integrity sha512-QfAUtd+vFdAtFQcC8CCyYt1fYWxSqAiK2cSD6zDB8N3cpsEBAvRxp9zOGg6G/SHHJYAT88/az/IuDGALsNVbGg==
  dependencies:
    color-name "1.1.3"

color-name@1.1.3:
  version "1.1.3"
  resolved "https://registry.yarnpkg.com/color-name/-/color-name-1.1.3.tgz#a7d0558bd89c42f795dd42328f740831ca53bc25"
  integrity sha1-p9BVi9icQveV3UIyj3QIMcpTvCU=

debug@4:
  version "4.3.1"
  resolved "https://registry.yarnpkg.com/debug/-/debug-4.3.1.tgz#f0d229c505e0c6d8c49ac553d1b13dc183f6b2ee"
  integrity sha512-doEwdvm4PCeK4K3RQN2ZC2BYUBaxwLARCqZmMjtF8a51J2Rb0xpVloFRnCODwqjpwnAoao4pelN8l3RJdv3gRQ==
  dependencies:
    ms "2.1.2"

escape-string-regexp@^1.0.5:
  version "1.0.5"
  resolved "https://registry.yarnpkg.com/escape-string-regexp/-/escape-string-regexp-1.0.5.tgz#1b61c0562190a8dff6ae3bb2cf0200ca130b86d4"
  integrity sha1-G2HAViGQqN/2rjuyzwIAyhMLhtQ=

follow-redirects@^1.13.0:
  version "1.13.2"
  resolved "https://registry.yarnpkg.com/follow-redirects/-/follow-redirects-1.13.2.tgz#dd73c8effc12728ba5cf4259d760ea5fb83e3147"
  integrity sha512-6mPTgLxYm3r6Bkkg0vNM0HTjfGrOEtsfbhagQvbxDEsEkpNhw582upBaoRZylzen6krEmxXJgt9Ju6HiI4O7BA==

has-flag@^3.0.0:
  version "3.0.0"
  resolved "https://registry.yarnpkg.com/has-flag/-/has-flag-3.0.0.tgz#b5d454dc2199ae225699f3467e5a07f3b955bafd"
  integrity sha1-tdRU3CGZriJWmfNGfloH87lVuv0=

https-proxy-agent@^5.0.0:
  version "5.0.0"
  resolved "https://registry.yarnpkg.com/https-proxy-agent/-/https-proxy-agent-5.0.0.tgz#e2a90542abb68a762e0a0850f6c9edadfd8506b2"
  integrity sha512-EkYm5BcKUGiduxzSt3Eppko+PiNWNEpa4ySk9vTC6wDsQJW9rHSa+UhGNJoRYp7bz6Ht1eaRIa6QaJqO5rCFbA==
  dependencies:
    agent-base "6"
    debug "4"

mime-db@1.45.0:
  version "1.45.0"
  resolved "https://registry.yarnpkg.com/mime-db/-/mime-db-1.45.0.tgz#cceeda21ccd7c3a745eba2decd55d4b73e7879ea"
  integrity sha512-CkqLUxUk15hofLoLyljJSrukZi8mAtgd+yE5uO4tqRZsdsAJKv0O+rFMhVDRJgozy+yG6md5KwuXhD4ocIoP+w==

mime-types@^2.1.27:
  version "2.1.28"
  resolved "https://registry.yarnpkg.com/mime-types/-/mime-types-2.1.28.tgz#1160c4757eab2c5363888e005273ecf79d2a0ecd"
  integrity sha512-0TO2yJ5YHYr7M2zzT7gDU1tbwHxEUWBCLt0lscSNpcdAfFyJOVEpRYNS7EXVcTLNj/25QO8gulHC5JtTzSE2UQ==
  dependencies:
    mime-db "1.45.0"

ms@2.1.2:
  version "2.1.2"
  resolved "https://registry.yarnpkg.com/ms/-/ms-2.1.2.tgz#d09d1f357b443f493382a8eb3ccd183872ae6009"
  integrity sha512-sGkPx+VjMtmA6MX27oA4FBFELFCZZ4S4XqeGOXCv68tT+jb3vk/RyaKWP0PTKyWtmLSM0b+adUTEvbs1PEaH2w==

nanoid@^2.1.0:
  version "2.1.11"
  resolved "https://registry.yarnpkg.com/nanoid/-/nanoid-2.1.11.tgz#ec24b8a758d591561531b4176a01e3ab4f0f0280"
  integrity sha512-s/snB+WGm6uwi0WjsZdaVcuf3KJXlfGl2LcxgwkEwJF0D/BWzVWAZW/XY4bFaiR7s0Jk3FPvlnepg1H1b1UwlA==

node-powershell@^4.0.0:
  version "4.0.0"
  resolved "https://registry.yarnpkg.com/node-powershell/-/node-powershell-4.0.0.tgz#f3a0b1ec4f5619b501b66005f8a663c8373e8da8"
  integrity sha512-WCZMLgwkjW9G/DZsZwyCEAXhMMzShLRUlnYS+EETRqRLSdUMbuO4xiQxIOeAutwQgvj75NvC58CorHFlx0olIA==
  dependencies:
    chalk "^2.4.1"
    shortid "^2.2.14"

nodejs-file-downloader@^4.2.0:
  version "4.2.0"
  resolved "https://registry.yarnpkg.com/nodejs-file-downloader/-/nodejs-file-downloader-4.2.0.tgz#29f918c1892dfd350f42c940b3a9179dec98c135"
  integrity sha512-thRebq3X7pa5+SI5LtnJRLbztSr6WwnVXSc3kz1ypZ3BYOhBGbv7bEK6bqdzk87/vP1ssUDzsB/H0GsrQxLwBg==
  dependencies:
    follow-redirects "^1.13.0"
    https-proxy-agent "^5.0.0"
    mime-types "^2.1.27"
    sanitize-filename "^1.6.3"

sanitize-filename@^1.6.3:
  version "1.6.3"
  resolved "https://registry.yarnpkg.com/sanitize-filename/-/sanitize-filename-1.6.3.tgz#755ebd752045931977e30b2025d340d7c9090378"
  integrity sha512-y/52Mcy7aw3gRm7IrcGDFx/bCk4AhRh2eI9luHOQM86nZsqwiRkkq2GekHXBBD+SmPidc8i2PqtYZl+pWJ8Oeg==
  dependencies:
    truncate-utf8-bytes "^1.0.0"

shortid@^2.2.14:
  version "2.2.16"
  resolved "https://registry.yarnpkg.com/shortid/-/shortid-2.2.16.tgz#b742b8f0cb96406fd391c76bfc18a67a57fe5608"
  integrity sha512-Ugt+GIZqvGXCIItnsL+lvFJOiN7RYqlGy7QE41O3YC1xbNSeDGIRO7xg2JJXIAj1cAGnOeC1r7/T9pgrtQbv4g==
  dependencies:
    nanoid "^2.1.0"

supports-color@^5.3.0:
  version "5.5.0"
  resolved "https://registry.yarnpkg.com/supports-color/-/supports-color-5.5.0.tgz#e2e69a44ac8772f78a1ec0b35b689df6530efc8f"
  integrity sha512-QjVjwdXIt408MIiAqCX4oUKsgU2EqAGzs2Ppkm4aQYbjm+ZEWEcW4SfFNTr4uMNZma0ey4f5lgLrkB0aX0QMow==
  dependencies:
    has-flag "^3.0.0"

truncate-utf8-bytes@^1.0.0:
  version "1.0.2"
  resolved "https://registry.yarnpkg.com/truncate-utf8-bytes/-/truncate-utf8-bytes-1.0.2.tgz#405923909592d56f78a5818434b0b78489ca5f2b"
  integrity sha1-QFkjkJWS1W94pYGENLC3hInKXys=
  dependencies:
    utf8-byte-length "^1.0.1"

utf8-byte-length@^1.0.1:
  version "1.0.4"
  resolved "https://registry.yarnpkg.com/utf8-byte-length/-/utf8-byte-length-1.0.4.tgz#f45f150c4c66eee968186505ab93fcbb8ad6bf61"
  integrity sha1-9F8VDExm7uloGGUFq5P8u4rWv2E=
